
Microsoft Visual Studio Solution File, Format Version 12.00
# Visual Studio Version 16
VisualStudioVersion = 16.0.32802.440
MinimumVisualStudioVersion = 10.0.40219.1
Project("{FAE04EC0-301F-11D3-BF4B-00C04F79EFBC}") = "Ejercicio1", "Ejercicio1\Ejercicio1.csproj", "{032362DA-B0A4-4C47-800D-CCC6D309A3E6}"
EndProject
Project("{FAE04EC0-301F-11D3-BF4B-00C04F79EFBC}") = "Ejercicio2", "Ejercicio2\Ejercicio2.csproj", "{532E17F0-471C-499D-B57D-31D1A0D1007B}"
EndProject
Project("{FAE04EC0-301F-11D3-BF4B-00C04F79EFBC}") = "Ejercicio3", "Ejercicio3\Ejercicio3.csproj", "{5DBDB016-95B3-48DF-89D8-881FE5573C0E}"
EndProject
Global
	GlobalSection(SolutionConfigurationPlatforms) = preSolution
		Debug|Any CPU = Debug|Any CPU
		Release|Any CPU = Release|Any CPU
	EndGlobalSection
	GlobalSection(ProjectConfigurationPlatforms) = postSolution
		{032362DA-B0A4-4C47-800D-CCC6D309A3E6}.Debug|Any CPU.ActiveCfg = Debug|Any CPU
		{032362DA-B0A4-4C47-800D-CCC6D309A3E6}.Debug|Any CPU.Build.0 = Debug|Any CPU
		{032362DA-B0A4-4C47-800D-CCC6D309A3E6}.Release|Any CPU.ActiveCfg = Release|Any CPU
		{032362DA-B0A4-4C47-800D-CCC6D309A3E6}.Release|Any CPU.Build.0 = Release|Any CPU
		{532E17F0-471C-499D-B57D-31D1A0D1007B}.Debug|Any CPU.ActiveCfg = Debug|Any CPU
		{532E17F0-471C-499D-B57D-31D1A0D1007B}.Debug|Any CPU.Build.0 = Debug|Any CPU
		{532E17F0-471C-499D-B57D-31D1A0D1007B}.Release|Any CPU.ActiveCfg = Release|Any CPU
		{532E17F0-471C-499D-B57D-31D1A0D1007B}.Release|Any CPU.Build.0 = Release|Any CPU
		{5DBDB016-95B3-48DF-89D8-881FE5573C0E}.Debug|Any CPU.ActiveCfg = Debug|Any CPU
		{5DBDB016-95B3-48DF-89D8-881FE5573C0E}.Debug|Any CPU.Build.0 = Debug|Any CPU
		{5DBDB016-95B3-48DF-89D8-881FE5573C0E}.Release|Any CPU.ActiveCfg = Release|Any CPU
		{5DBDB016-95B3-48DF-89D8-881FE5573C0E}.Release|Any CPU.Build.0 = Release|Any CPU
	EndGlobalSection
	GlobalSection(SolutionProperties) = preSolution
		HideSolutionNode = FALSE
	EndGlobalSection
	GlobalSection(ExtensibilityGlobals) = postSolution
		SolutionGuid = {F02946D3-4D40-4F81-A8DD-EDBDBCE48E61}
	EndGlobalSection
EndGlobal
